
Microsoft Visual Studio Solution File, Format Version 12.00
# Visual Studio Version 17
VisualStudioVersion = 17.5.002.0
MinimumVisualStudioVersion = 10.0.40219.1
Project("{FAE04EC0-301F-11D3-BF4B-00C04F79EFBC}") = "dbjcore", "dbjcore\dbjcore.csproj", "{6116F79B-4570-AF9F-47A2-5889E02ED36E}"
EndProject
Project("{FAE04EC0-301F-11D3-BF4B-00C04F79EFBC}") = "kontalog_sample", "dbjcore_sampling\kontalog_sample\kontalog_sample.csproj", "{57802C5D-1F89-1514-ADFE-8943E4F3A71D}"
EndProject
Global
	GlobalSection(SolutionConfigurationPlatforms) = preSolution
		Debug|Any CPU = Debug|Any CPU
		Release|Any CPU = Release|Any CPU
	EndGlobalSection
	GlobalSection(ProjectConfigurationPlatforms) = postSolution
		{6116F79B-4570-AF9F-47A2-5889E02ED36E}.Debug|Any CPU.ActiveCfg = Debug|Any CPU
		{6116F79B-4570-AF9F-47A2-5889E02ED36E}.Debug|Any CPU.Build.0 = Debug|Any CPU
		{6116F79B-4570-AF9F-47A2-5889E02ED36E}.Release|Any CPU.ActiveCfg = Release|Any CPU
		{6116F79B-4570-AF9F-47A2-5889E02ED36E}.Release|Any CPU.Build.0 = Release|Any CPU
		{57802C5D-1F89-1514-ADFE-8943E4F3A71D}.Debug|Any CPU.ActiveCfg = Debug|Any CPU
		{57802C5D-1F89-1514-ADFE-8943E4F3A71D}.Debug|Any CPU.Build.0 = Debug|Any CPU
		{57802C5D-1F89-1514-ADFE-8943E4F3A71D}.Release|Any CPU.ActiveCfg = Release|Any CPU
		{57802C5D-1F89-1514-ADFE-8943E4F3A71D}.Release|Any CPU.Build.0 = Release|Any CPU
	EndGlobalSection
	GlobalSection(SolutionProperties) = preSolution
		HideSolutionNode = FALSE
	EndGlobalSection
	GlobalSection(ExtensibilityGlobals) = postSolution
		SolutionGuid = {A96D2273-5328-42BC-B09F-D5A997453FBA}
	EndGlobalSection
EndGlobal
