
Microsoft Visual Studio Solution File, Format Version 12.00
# Visual Studio Version 17
VisualStudioVersion = 17.5.002.0
MinimumVisualStudioVersion = 10.0.40219.1
Project("{9A19103F-16F7-4668-BE54-9A1E7A4F7556}") = "dbjcore", "dbjcore.csproj", "{08507853-9EC3-480C-8BE1-533AA93B80D3}"
EndProject
Project("{9A19103F-16F7-4668-BE54-9A1E7A4F7556}") = "kontalog_sample", "sampling\kontalog_sample\kontalog_sample.csproj", "{50018FED-3CDE-4A85-BB95-0CFB7A2ED400}"
EndProject
Global
	GlobalSection(SolutionConfigurationPlatforms) = preSolution
		Debug|Any CPU = Debug|Any CPU
		Release|Any CPU = Release|Any CPU
	EndGlobalSection
	GlobalSection(ProjectConfigurationPlatforms) = postSolution
		{08507853-9EC3-480C-8BE1-533AA93B80D3}.Debug|Any CPU.ActiveCfg = Debug|Any CPU
		{08507853-9EC3-480C-8BE1-533AA93B80D3}.Debug|Any CPU.Build.0 = Debug|Any CPU
		{08507853-9EC3-480C-8BE1-533AA93B80D3}.Release|Any CPU.ActiveCfg = Release|Any CPU
		{08507853-9EC3-480C-8BE1-533AA93B80D3}.Release|Any CPU.Build.0 = Release|Any CPU
		{50018FED-3CDE-4A85-BB95-0CFB7A2ED400}.Debug|Any CPU.ActiveCfg = Debug|Any CPU
		{50018FED-3CDE-4A85-BB95-0CFB7A2ED400}.Debug|Any CPU.Build.0 = Debug|Any CPU
		{50018FED-3CDE-4A85-BB95-0CFB7A2ED400}.Release|Any CPU.ActiveCfg = Release|Any CPU
		{50018FED-3CDE-4A85-BB95-0CFB7A2ED400}.Release|Any CPU.Build.0 = Release|Any CPU
	EndGlobalSection
	GlobalSection(SolutionProperties) = preSolution
		HideSolutionNode = FALSE
	EndGlobalSection
	GlobalSection(ExtensibilityGlobals) = postSolution
		SolutionGuid = {A96D2273-5328-42BC-B09F-D5A997453FBA}
	EndGlobalSection
EndGlobal
